// !$*UTF8*$!
{
	archiveVersion = 1;
	classes = {
	};
	objectVersion = 51;
	objects = {

/* Begin PBXBuildFile section */
		CDD6E4BC2D139E1102B394BD /* Pods_MobillsTeste.framework in Frameworks */ = {isa = PBXBuildFile; fileRef = 95E5472BA23174194E253DAF /* Pods_MobillsTeste.framework */; };
		E834E9CC2658065E002FCB80 /* DespesaListaViewController.swift in Sources */ = {isa = PBXBuildFile; fileRef = E834E9CB2658065E002FCB80 /* DespesaListaViewController.swift */; };
		E834E9D626586055002FCB80 /* Constants.swift in Sources */ = {isa = PBXBuildFile; fileRef = E834E9D526586055002FCB80 /* Constants.swift */; };
		E834E9D826586397002FCB80 /* SignInViewController.swift in Sources */ = {isa = PBXBuildFile; fileRef = E834E9D726586397002FCB80 /* SignInViewController.swift */; };
		E834E9DA265863A4002FCB80 /* SignUpViewController.swift in Sources */ = {isa = PBXBuildFile; fileRef = E834E9D9265863A4002FCB80 /* SignUpViewController.swift */; };
		E834E9DC2658A959002FCB80 /* ConfiguracoesViewController.swift in Sources */ = {isa = PBXBuildFile; fileRef = E834E9DB2658A959002FCB80 /* ConfiguracoesViewController.swift */; };
		E88FC147265BB70700619068 /* Usuario.swift in Sources */ = {isa = PBXBuildFile; fileRef = E88FC146265BB70700619068 /* Usuario.swift */; };
		E88FC152265BD1B100619068 /* CriarDespesa.swift in Sources */ = {isa = PBXBuildFile; fileRef = E88FC151265BD1B100619068 /* CriarDespesa.swift */; };
		E88FC155265C198400619068 /* UIWindow+Extension.swift in Sources */ = {isa = PBXBuildFile; fileRef = E88FC154265C198400619068 /* UIWindow+Extension.swift */; };
		E88FC159265C2AAE00619068 /* FormatarDinheiro.swift in Sources */ = {isa = PBXBuildFile; fileRef = E88FC158265C2AAE00619068 /* FormatarDinheiro.swift */; };
		E8FD35282657D30A00DA9B6E /* AppDelegate.swift in Sources */ = {isa = PBXBuildFile; fileRef = E8FD35272657D30A00DA9B6E /* AppDelegate.swift */; };
		E8FD352A2657D30A00DA9B6E /* SceneDelegate.swift in Sources */ = {isa = PBXBuildFile; fileRef = E8FD35292657D30A00DA9B6E /* SceneDelegate.swift */; };
		E8FD352F2657D30A00DA9B6E /* Main.storyboard in Resources */ = {isa = PBXBuildFile; fileRef = E8FD352D2657D30A00DA9B6E /* Main.storyboard */; };
		E8FD35312657D30B00DA9B6E /* Assets.xcassets in Resources */ = {isa = PBXBuildFile; fileRef = E8FD35302657D30B00DA9B6E /* Assets.xcassets */; };
		E8FD35342657D30B00DA9B6E /* LaunchScreen.storyboard in Resources */ = {isa = PBXBuildFile; fileRef = E8FD35322657D30B00DA9B6E /* LaunchScreen.storyboard */; };
		E8FD353D2657D33400DA9B6E /* Despesa.swift in Sources */ = {isa = PBXBuildFile; fileRef = E8FD353C2657D33400DA9B6E /* Despesa.swift */; };
		E8FD35452657D7B300DA9B6E /* GoogleService-Info.plist in Resources */ = {isa = PBXBuildFile; fileRef = E8FD35442657D7B300DA9B6E /* GoogleService-Info.plist */; };
		E8FD35472657DD6100DA9B6E /* DespesaViewController.swift in Sources */ = {isa = PBXBuildFile; fileRef = E8FD35462657DD6100DA9B6E /* DespesaViewController.swift */; };
/* End PBXBuildFile section */

/* Begin PBXFileReference section */
		5D1D527761B3C902A031CDB6 /* Pods-MobillsTeste.debug.xcconfig */ = {isa = PBXFileReference; includeInIndex = 1; lastKnownFileType = text.xcconfig; name = "Pods-MobillsTeste.debug.xcconfig"; path = "Target Support Files/Pods-MobillsTeste/Pods-MobillsTeste.debug.xcconfig"; sourceTree = "<group>"; };
		95E5472BA23174194E253DAF /* Pods_MobillsTeste.framework */ = {isa = PBXFileReference; explicitFileType = wrapper.framework; includeInIndex = 0; path = Pods_MobillsTeste.framework; sourceTree = BUILT_PRODUCTS_DIR; };
		E834E9CB2658065E002FCB80 /* DespesaListaViewController.swift */ = {isa = PBXFileReference; lastKnownFileType = sourcecode.swift; path = DespesaListaViewController.swift; sourceTree = "<group>"; };
		E834E9D526586055002FCB80 /* Constants.swift */ = {isa = PBXFileReference; lastKnownFileType = sourcecode.swift; path = Constants.swift; sourceTree = "<group>"; };
		E834E9D726586397002FCB80 /* SignInViewController.swift */ = {isa = PBXFileReference; lastKnownFileType = sourcecode.swift; path = SignInViewController.swift; sourceTree = "<group>"; };
		E834E9D9265863A4002FCB80 /* SignUpViewController.swift */ = {isa = PBXFileReference; lastKnownFileType = sourcecode.swift; path = SignUpViewController.swift; sourceTree = "<group>"; };
		E834E9DB2658A959002FCB80 /* ConfiguracoesViewController.swift */ = {isa = PBXFileReference; lastKnownFileType = sourcecode.swift; path = ConfiguracoesViewController.swift; sourceTree = "<group>"; };
		E88FC146265BB70700619068 /* Usuario.swift */ = {isa = PBXFileReference; lastKnownFileType = sourcecode.swift; path = Usuario.swift; sourceTree = "<group>"; };
		E88FC151265BD1B100619068 /* CriarDespesa.swift */ = {isa = PBXFileReference; lastKnownFileType = sourcecode.swift; path = CriarDespesa.swift; sourceTree = "<group>"; };
		E88FC154265C198400619068 /* UIWindow+Extension.swift */ = {isa = PBXFileReference; lastKnownFileType = sourcecode.swift; path = "UIWindow+Extension.swift"; sourceTree = "<group>"; };
		E88FC158265C2AAE00619068 /* FormatarDinheiro.swift */ = {isa = PBXFileReference; lastKnownFileType = sourcecode.swift; path = FormatarDinheiro.swift; sourceTree = "<group>"; };
		E8FD35242657D30A00DA9B6E /* MobillsTeste.app */ = {isa = PBXFileReference; explicitFileType = wrapper.application; includeInIndex = 0; path = MobillsTeste.app; sourceTree = BUILT_PRODUCTS_DIR; };
		E8FD35272657D30A00DA9B6E /* AppDelegate.swift */ = {isa = PBXFileReference; lastKnownFileType = sourcecode.swift; path = AppDelegate.swift; sourceTree = "<group>"; };
		E8FD35292657D30A00DA9B6E /* SceneDelegate.swift */ = {isa = PBXFileReference; lastKnownFileType = sourcecode.swift; path = SceneDelegate.swift; sourceTree = "<group>"; };
		E8FD352E2657D30A00DA9B6E /* Base */ = {isa = PBXFileReference; lastKnownFileType = file.storyboard; name = Base; path = Base.lproj/Main.storyboard; sourceTree = "<group>"; };
		E8FD35302657D30B00DA9B6E /* Assets.xcassets */ = {isa = PBXFileReference; lastKnownFileType = folder.assetcatalog; path = Assets.xcassets; sourceTree = "<group>"; };
		E8FD35332657D30B00DA9B6E /* Base */ = {isa = PBXFileReference; lastKnownFileType = file.storyboard; name = Base; path = Base.lproj/LaunchScreen.storyboard; sourceTree = "<group>"; };
		E8FD35352657D30B00DA9B6E /* Info.plist */ = {isa = PBXFileReference; lastKnownFileType = text.plist.xml; path = Info.plist; sourceTree = "<group>"; };
		E8FD353C2657D33400DA9B6E /* Despesa.swift */ = {isa = PBXFileReference; lastKnownFileType = sourcecode.swift; path = Despesa.swift; sourceTree = "<group>"; };
		E8FD35442657D7B300DA9B6E /* GoogleService-Info.plist */ = {isa = PBXFileReference; fileEncoding = 4; lastKnownFileType = text.plist.xml; path = "GoogleService-Info.plist"; sourceTree = "<group>"; };
		E8FD35462657DD6100DA9B6E /* DespesaViewController.swift */ = {isa = PBXFileReference; lastKnownFileType = sourcecode.swift; path = DespesaViewController.swift; sourceTree = "<group>"; };
		FA0147242D389C128273F592 /* Pods-MobillsTeste.release.xcconfig */ = {isa = PBXFileReference; includeInIndex = 1; lastKnownFileType = text.xcconfig; name = "Pods-MobillsTeste.release.xcconfig"; path = "Target Support Files/Pods-MobillsTeste/Pods-MobillsTeste.release.xcconfig"; sourceTree = "<group>"; };
/* End PBXFileReference section */

/* Begin PBXFrameworksBuildPhase section */
		E8FD35212657D30A00DA9B6E /* Frameworks */ = {
			isa = PBXFrameworksBuildPhase;
			buildActionMask = 2147483647;
			files = (
				CDD6E4BC2D139E1102B394BD /* Pods_MobillsTeste.framework in Frameworks */,
			);
			runOnlyForDeploymentPostprocessing = 0;
		};
/* End PBXFrameworksBuildPhase section */

/* Begin PBXGroup section */
		2191C542A2522D9F38217C9B /* Frameworks */ = {
			isa = PBXGroup;
			children = (
				95E5472BA23174194E253DAF /* Pods_MobillsTeste.framework */,
			);
			name = Frameworks;
			sourceTree = "<group>";
		};
		B3B0F3B0759A1069689CA2E0 /* Pods */ = {
			isa = PBXGroup;
			children = (
				5D1D527761B3C902A031CDB6 /* Pods-MobillsTeste.debug.xcconfig */,
				FA0147242D389C128273F592 /* Pods-MobillsTeste.release.xcconfig */,
			);
			path = Pods;
			sourceTree = "<group>";
		};
		E834E9CD26580945002FCB80 /* Utils */ = {
			isa = PBXGroup;
			children = (
				E834E9D526586055002FCB80 /* Constants.swift */,
			);
			path = Utils;
			sourceTree = "<group>";
		};
		E834E9D026583740002FCB80 /* Despesas */ = {
			isa = PBXGroup;
			children = (
				E88FC151265BD1B100619068 /* CriarDespesa.swift */,
			);
			path = Despesas;
			sourceTree = "<group>";
		};
		E88FC153265C196600619068 /* Extensions */ = {
			isa = PBXGroup;
			children = (
				E88FC154265C198400619068 /* UIWindow+Extension.swift */,
				E88FC158265C2AAE00619068 /* FormatarDinheiro.swift */,
			);
			path = Extensions;
			sourceTree = "<group>";
		};
		E8FD351B2657D30A00DA9B6E = {
			isa = PBXGroup;
			children = (
				E8FD35262657D30A00DA9B6E /* MobillsTeste */,
				E8FD35252657D30A00DA9B6E /* Products */,
				B3B0F3B0759A1069689CA2E0 /* Pods */,
				2191C542A2522D9F38217C9B /* Frameworks */,
			);
			sourceTree = "<group>";
		};
		E8FD35252657D30A00DA9B6E /* Products */ = {
			isa = PBXGroup;
			children = (
				E8FD35242657D30A00DA9B6E /* MobillsTeste.app */,
			);
			name = Products;
			sourceTree = "<group>";
		};
		E8FD35262657D30A00DA9B6E /* MobillsTeste */ = {
			isa = PBXGroup;
			children = (
				E88FC153265C196600619068 /* Extensions */,
				E834E9CD26580945002FCB80 /* Utils */,
				E8FD353E2657D40700DA9B6E /* Controllers */,
				E8FD353B2657D32400DA9B6E /* Models */,
				E8FD353F2657D41700DA9B6E /* Network */,
				E8FD35432657D4D200DA9B6E /* Supporting Files */,
				E8FD35402657D43500DA9B6E /* Views */,
			);
			path = MobillsTeste;
			sourceTree = "<group>";
		};
		E8FD353B2657D32400DA9B6E /* Models */ = {
			isa = PBXGroup;
			children = (
				E8FD353C2657D33400DA9B6E /* Despesa.swift */,
				E88FC146265BB70700619068 /* Usuario.swift */,
			);
			path = Models;
			sourceTree = "<group>";
		};
		E8FD353E2657D40700DA9B6E /* Controllers */ = {
			isa = PBXGroup;
			children = (
				E8FD35462657DD6100DA9B6E /* DespesaViewController.swift */,
				E834E9CB2658065E002FCB80 /* DespesaListaViewController.swift */,
				E834E9D726586397002FCB80 /* SignInViewController.swift */,
				E834E9D9265863A4002FCB80 /* SignUpViewController.swift */,
				E834E9DB2658A959002FCB80 /* ConfiguracoesViewController.swift */,
			);
			path = Controllers;
			sourceTree = "<group>";
		};
		E8FD353F2657D41700DA9B6E /* Network */ = {
			isa = PBXGroup;
			children = (
				E834E9D026583740002FCB80 /* Despesas */,
			);
			path = Network;
			sourceTree = "<group>";
		};
		E8FD35402657D43500DA9B6E /* Views */ = {
			isa = PBXGroup;
			children = (
				E8FD352D2657D30A00DA9B6E /* Main.storyboard */,
				E8FD35322657D30B00DA9B6E /* LaunchScreen.storyboard */,
			);
			path = Views;
			sourceTree = "<group>";
		};
		E8FD35432657D4D200DA9B6E /* Supporting Files */ = {
			isa = PBXGroup;
			children = (
				E8FD35272657D30A00DA9B6E /* AppDelegate.swift */,
				E8FD35292657D30A00DA9B6E /* SceneDelegate.swift */,
				E8FD35302657D30B00DA9B6E /* Assets.xcassets */,
				E8FD35352657D30B00DA9B6E /* Info.plist */,
				E8FD35442657D7B300DA9B6E /* GoogleService-Info.plist */,
			);
			name = "Supporting Files";
			sourceTree = "<group>";
		};
/* End PBXGroup section */

/* Begin PBXNativeTarget section */
		E8FD35232657D30A00DA9B6E /* MobillsTeste */ = {
			isa = PBXNativeTarget;
			buildConfigurationList = E8FD35382657D30B00DA9B6E /* Build configuration list for PBXNativeTarget "MobillsTeste" */;
			buildPhases = (
				7DE4A0CD2CD85625028484C5 /* [CP] Check Pods Manifest.lock */,
				E8FD35202657D30A00DA9B6E /* Sources */,
				E8FD35212657D30A00DA9B6E /* Frameworks */,
				E8FD35222657D30A00DA9B6E /* Resources */,
				380616A3274A01A1A9637822 /* [CP] Embed Pods Frameworks */,
			);
			buildRules = (
			);
			dependencies = (
			);
			name = MobillsTeste;
			productName = MobillsTeste;
			productReference = E8FD35242657D30A00DA9B6E /* MobillsTeste.app */;
			productType = "com.apple.product-type.application";
		};
/* End PBXNativeTarget section */

/* Begin PBXProject section */
		E8FD351C2657D30A00DA9B6E /* Project object */ = {
			isa = PBXProject;
			attributes = {
				LastSwiftUpdateCheck = 1250;
				LastUpgradeCheck = 1250;
				TargetAttributes = {
					E8FD35232657D30A00DA9B6E = {
						CreatedOnToolsVersion = 12.5;
					};
				};
			};
			buildConfigurationList = E8FD351F2657D30A00DA9B6E /* Build configuration list for PBXProject "MobillsTeste" */;
			compatibilityVersion = "Xcode 9.3";
			developmentRegion = en;
			hasScannedForEncodings = 0;
			knownRegions = (
				en,
				Base,
			);
			mainGroup = E8FD351B2657D30A00DA9B6E;
			productRefGroup = E8FD35252657D30A00DA9B6E /* Products */;
			projectDirPath = "";
			projectRoot = "";
			targets = (
				E8FD35232657D30A00DA9B6E /* MobillsTeste */,
			);
		};
/* End PBXProject section */

/* Begin PBXResourcesBuildPhase section */
		E8FD35222657D30A00DA9B6E /* Resources */ = {
			isa = PBXResourcesBuildPhase;
			buildActionMask = 2147483647;
			files = (
				E8FD35342657D30B00DA9B6E /* LaunchScreen.storyboard in Resources */,
				E8FD35452657D7B300DA9B6E /* GoogleService-Info.plist in Resources */,
				E8FD35312657D30B00DA9B6E /* Assets.xcassets in Resources */,
				E8FD352F2657D30A00DA9B6E /* Main.storyboard in Resources */,
			);
			runOnlyForDeploymentPostprocessing = 0;
		};
/* End PBXResourcesBuildPhase section */

/* Begin PBXShellScriptBuildPhase section */
		380616A3274A01A1A9637822 /* [CP] Embed Pods Frameworks */ = {
			isa = PBXShellScriptBuildPhase;
			buildActionMask = 2147483647;
			files = (
			);
			inputFileListPaths = (
				"${PODS_ROOT}/Target Support Files/Pods-MobillsTeste/Pods-MobillsTeste-frameworks-${CONFIGURATION}-input-files.xcfilelist",
			);
			name = "[CP] Embed Pods Frameworks";
			outputFileListPaths = (
				"${PODS_ROOT}/Target Support Files/Pods-MobillsTeste/Pods-MobillsTeste-frameworks-${CONFIGURATION}-output-files.xcfilelist",
			);
			runOnlyForDeploymentPostprocessing = 0;
			shellPath = /bin/sh;
			shellScript = "\"${PODS_ROOT}/Target Support Files/Pods-MobillsTeste/Pods-MobillsTeste-frameworks.sh\"\n";
			showEnvVarsInLog = 0;
		};
		7DE4A0CD2CD85625028484C5 /* [CP] Check Pods Manifest.lock */ = {
			isa = PBXShellScriptBuildPhase;
			buildActionMask = 2147483647;
			files = (
			);
			inputFileListPaths = (
			);
			inputPaths = (
				"${PODS_PODFILE_DIR_PATH}/Podfile.lock",
				"${PODS_ROOT}/Manifest.lock",
			);
			name = "[CP] Check Pods Manifest.lock";
			outputFileListPaths = (
			);
			outputPaths = (
				"$(DERIVED_FILE_DIR)/Pods-MobillsTeste-checkManifestLockResult.txt",
			);
			runOnlyForDeploymentPostprocessing = 0;
			shellPath = /bin/sh;
			shellScript = "diff \"${PODS_PODFILE_DIR_PATH}/Podfile.lock\" \"${PODS_ROOT}/Manifest.lock\" > /dev/null\nif [ $? != 0 ] ; then\n    # print error to STDERR\n    echo \"error: The sandbox is not in sync with the Podfile.lock. Run 'pod install' or update your CocoaPods installation.\" >&2\n    exit 1\nfi\n# This output is used by Xcode 'outputs' to avoid re-running this script phase.\necho \"SUCCESS\" > \"${SCRIPT_OUTPUT_FILE_0}\"\n";
			showEnvVarsInLog = 0;
		};
/* End PBXShellScriptBuildPhase section */

/* Begin PBXSourcesBuildPhase section */
		E8FD35202657D30A00DA9B6E /* Sources */ = {
			isa = PBXSourcesBuildPhase;
			buildActionMask = 2147483647;
			files = (
				E834E9DA265863A4002FCB80 /* SignUpViewController.swift in Sources */,
				E88FC159265C2AAE00619068 /* FormatarDinheiro.swift in Sources */,
				E8FD35472657DD6100DA9B6E /* DespesaViewController.swift in Sources */,
				E8FD353D2657D33400DA9B6E /* Despesa.swift in Sources */,
				E88FC152265BD1B100619068 /* CriarDespesa.swift in Sources */,
				E8FD35282657D30A00DA9B6E /* AppDelegate.swift in Sources */,
				E88FC155265C198400619068 /* UIWindow+Extension.swift in Sources */,
				E8FD352A2657D30A00DA9B6E /* SceneDelegate.swift in Sources */,
				E834E9D626586055002FCB80 /* Constants.swift in Sources */,
				E88FC147265BB70700619068 /* Usuario.swift in Sources */,
				E834E9DC2658A959002FCB80 /* ConfiguracoesViewController.swift in Sources */,
				E834E9D826586397002FCB80 /* SignInViewController.swift in Sources */,
				E834E9CC2658065E002FCB80 /* DespesaListaViewController.swift in Sources */,
			);
			runOnlyForDeploymentPostprocessing = 0;
		};
/* End PBXSourcesBuildPhase section */

/* Begin PBXVariantGroup section */
		E8FD352D2657D30A00DA9B6E /* Main.storyboard */ = {
			isa = PBXVariantGroup;
			children = (
				E8FD352E2657D30A00DA9B6E /* Base */,
			);
			name = Main.storyboard;
			sourceTree = "<group>";
		};
		E8FD35322657D30B00DA9B6E /* LaunchScreen.storyboard */ = {
			isa = PBXVariantGroup;
			children = (
				E8FD35332657D30B00DA9B6E /* Base */,
			);
			name = LaunchScreen.storyboard;
			sourceTree = "<group>";
		};
/* End PBXVariantGroup section */

/* Begin XCBuildConfiguration section */
		E8FD35362657D30B00DA9B6E /* Debug */ = {
			isa = XCBuildConfiguration;
			buildSettings = {
				ALWAYS_SEARCH_USER_PATHS = NO;
				CLANG_ANALYZER_NONNULL = YES;
				CLANG_ANALYZER_NUMBER_OBJECT_CONVERSION = YES_AGGRESSIVE;
				CLANG_CXX_LANGUAGE_STANDARD = "gnu++14";
				CLANG_CXX_LIBRARY = "libc++";
				CLANG_ENABLE_MODULES = YES;
				CLANG_ENABLE_OBJC_ARC = YES;
				CLANG_ENABLE_OBJC_WEAK = YES;
				CLANG_WARN_BLOCK_CAPTURE_AUTORELEASING = YES;
				CLANG_WARN_BOOL_CONVERSION = YES;
				CLANG_WARN_COMMA = YES;
				CLANG_WARN_CONSTANT_CONVERSION = YES;
				CLANG_WARN_DEPRECATED_OBJC_IMPLEMENTATIONS = YES;
				CLANG_WARN_DIRECT_OBJC_ISA_USAGE = YES_ERROR;
				CLANG_WARN_DOCUMENTATION_COMMENTS = YES;
				CLANG_WARN_EMPTY_BODY = YES;
				CLANG_WARN_ENUM_CONVERSION = YES;
				CLANG_WARN_INFINITE_RECURSION = YES;
				CLANG_WARN_INT_CONVERSION = YES;
				CLANG_WARN_NON_LITERAL_NULL_CONVERSION = YES;
				CLANG_WARN_OBJC_IMPLICIT_RETAIN_SELF = YES;
				CLANG_WARN_OBJC_LITERAL_CONVERSION = YES;
				CLANG_WARN_OBJC_ROOT_CLASS = YES_ERROR;
				CLANG_WARN_QUOTED_INCLUDE_IN_FRAMEWORK_HEADER = YES;
				CLANG_WARN_RANGE_LOOP_ANALYSIS = YES;
				CLANG_WARN_STRICT_PROTOTYPES = YES;
				CLANG_WARN_SUSPICIOUS_MOVE = YES;
				CLANG_WARN_UNGUARDED_AVAILABILITY = YES_AGGRESSIVE;
				CLANG_WARN_UNREACHABLE_CODE = YES;
				CLANG_WARN__DUPLICATE_METHOD_MATCH = YES;
				COPY_PHASE_STRIP = NO;
				DEBUG_INFORMATION_FORMAT = dwarf;
				ENABLE_STRICT_OBJC_MSGSEND = YES;
				ENABLE_TESTABILITY = YES;
				GCC_C_LANGUAGE_STANDARD = gnu11;
				GCC_DYNAMIC_NO_PIC = NO;
				GCC_NO_COMMON_BLOCKS = YES;
				GCC_OPTIMIZATION_LEVEL = 0;
				GCC_PREPROCESSOR_DEFINITIONS = (
					"DEBUG=1",
					"$(inherited)",
				);
				GCC_WARN_64_TO_32_BIT_CONVERSION = YES;
				GCC_WARN_ABOUT_RETURN_TYPE = YES_ERROR;
				GCC_WARN_UNDECLARED_SELECTOR = YES;
				GCC_WARN_UNINITIALIZED_AUTOS = YES_AGGRESSIVE;
				GCC_WARN_UNUSED_FUNCTION = YES;
				GCC_WARN_UNUSED_VARIABLE = YES;
				IPHONEOS_DEPLOYMENT_TARGET = 14.5;
				MTL_ENABLE_DEBUG_INFO = INCLUDE_SOURCE;
				MTL_FAST_MATH = YES;
				ONLY_ACTIVE_ARCH = YES;
				SDKROOT = iphoneos;
				SWIFT_ACTIVE_COMPILATION_CONDITIONS = DEBUG;
				SWIFT_OPTIMIZATION_LEVEL = "-Onone";
			};
			name = Debug;
		};
		E8FD35372657D30B00DA9B6E /* Release */ = {
			isa = XCBuildConfiguration;
			buildSettings = {
				ALWAYS_SEARCH_USER_PATHS = NO;
				CLANG_ANALYZER_NONNULL = YES;
				CLANG_ANALYZER_NUMBER_OBJECT_CONVERSION = YES_AGGRESSIVE;
				CLANG_CXX_LANGUAGE_STANDARD = "gnu++14";
				CLANG_CXX_LIBRARY = "libc++";
				CLANG_ENABLE_MODULES = YES;
				CLANG_ENABLE_OBJC_ARC = YES;
				CLANG_ENABLE_OBJC_WEAK = YES;
				CLANG_WARN_BLOCK_CAPTURE_AUTORELEASING = YES;
				CLANG_WARN_BOOL_CONVERSION = YES;
				CLANG_WARN_COMMA = YES;
				CLANG_WARN_CONSTANT_CONVERSION = YES;
				CLANG_WARN_DEPRECATED_OBJC_IMPLEMENTATIONS = YES;
				CLANG_WARN_DIRECT_OBJC_ISA_USAGE = YES_ERROR;
				CLANG_WARN_DOCUMENTATION_COMMENTS = YES;
				CLANG_WARN_EMPTY_BODY = YES;
				CLANG_WARN_ENUM_CONVERSION = YES;
				CLANG_WARN_INFINITE_RECURSION = YES;
				CLANG_WARN_INT_CONVERSION = YES;
				CLANG_WARN_NON_LITERAL_NULL_CONVERSION = YES;
				CLANG_WARN_OBJC_IMPLICIT_RETAIN_SELF = YES;
				CLANG_WARN_OBJC_LITERAL_CONVERSION = YES;
				CLANG_WARN_OBJC_ROOT_CLASS = YES_ERROR;
				CLANG_WARN_QUOTED_INCLUDE_IN_FRAMEWORK_HEADER = YES;
				CLANG_WARN_RANGE_LOOP_ANALYSIS = YES;
				CLANG_WARN_STRICT_PROTOTYPES = YES;
				CLANG_WARN_SUSPICIOUS_MOVE = YES;
				CLANG_WARN_UNGUARDED_AVAILABILITY = YES_AGGRESSIVE;
				CLANG_WARN_UNREACHABLE_CODE = YES;
				CLANG_WARN__DUPLICATE_METHOD_MATCH = YES;
				COPY_PHASE_STRIP = NO;
				DEBUG_INFORMATION_FORMAT = "dwarf-with-dsym";
				ENABLE_NS_ASSERTIONS = NO;
				ENABLE_STRICT_OBJC_MSGSEND = YES;
				GCC_C_LANGUAGE_STANDARD = gnu11;
				GCC_NO_COMMON_BLOCKS = YES;
				GCC_WARN_64_TO_32_BIT_CONVERSION = YES;
				GCC_WARN_ABOUT_RETURN_TYPE = YES_ERROR;
				GCC_WARN_UNDECLARED_SELECTOR = YES;
				GCC_WARN_UNINITIALIZED_AUTOS = YES_AGGRESSIVE;
				GCC_WARN_UNUSED_FUNCTION = YES;
				GCC_WARN_UNUSED_VARIABLE = YES;
				IPHONEOS_DEPLOYMENT_TARGET = 14.5;
				MTL_ENABLE_DEBUG_INFO = NO;
				MTL_FAST_MATH = YES;
				SDKROOT = iphoneos;
				SWIFT_COMPILATION_MODE = wholemodule;
				SWIFT_OPTIMIZATION_LEVEL = "-O";
				VALIDATE_PRODUCT = YES;
			};
			name = Release;
		};
		E8FD35392657D30B00DA9B6E /* Debug */ = {
			isa = XCBuildConfiguration;
			baseConfigurationReference = 5D1D527761B3C902A031CDB6 /* Pods-MobillsTeste.debug.xcconfig */;
			buildSettings = {
				ASSETCATALOG_COMPILER_APPICON_NAME = AppIcon;
				ASSETCATALOG_COMPILER_GLOBAL_ACCENT_COLOR_NAME = AccentColor;
				CODE_SIGN_STYLE = Automatic;
				DEVELOPMENT_TEAM = Y65JAZKR5L;
				INFOPLIST_FILE = MobillsTeste/Info.plist;
				LD_RUNPATH_SEARCH_PATHS = (
					"$(inherited)",
					"@executable_path/Frameworks",
				);
				PRODUCT_BUNDLE_IDENTIFIER = com.devmeist3r.MobillsTeste;
				PRODUCT_NAME = "$(TARGET_NAME)";
				SWIFT_VERSION = 5.0;
				TARGETED_DEVICE_FAMILY = "1,2";
			};
			name = Debug;
		};
		E8FD353A2657D30B00DA9B6E /* Release */ = {
			isa = XCBuildConfiguration;
			baseConfigurationReference = FA0147242D389C128273F592 /* Pods-MobillsTeste.release.xcconfig */;
			buildSettings = {
				ASSETCATALOG_COMPILER_APPICON_NAME = AppIcon;
				ASSETCATALOG_COMPILER_GLOBAL_ACCENT_COLOR_NAME = AccentColor;
				CODE_SIGN_STYLE = Automatic;
				DEVELOPMENT_TEAM = Y65JAZKR5L;
				INFOPLIST_FILE = MobillsTeste/Info.plist;
				LD_RUNPATH_SEARCH_PATHS = (
					"$(inherited)",
					"@executable_path/Frameworks",
				);
				PRODUCT_BUNDLE_IDENTIFIER = com.devmeist3r.MobillsTeste;
				PRODUCT_NAME = "$(TARGET_NAME)";
				SWIFT_VERSION = 5.0;
				TARGETED_DEVICE_FAMILY = "1,2";
			};
			name = Release;
		};
/* End XCBuildConfiguration section */

/* Begin XCConfigurationList section */
		E8FD351F2657D30A00DA9B6E /* Build configuration list for PBXProject "MobillsTeste" */ = {
			isa = XCConfigurationList;
			buildConfigurations = (
				E8FD35362657D30B00DA9B6E /* Debug */,
				E8FD35372657D30B00DA9B6E /* Release */,
			);
			defaultConfigurationIsVisible = 0;
			defaultConfigurationName = Release;
		};
		E8FD35382657D30B00DA9B6E /* Build configuration list for PBXNativeTarget "MobillsTeste" */ = {
			isa = XCConfigurationList;
			buildConfigurations = (
				E8FD35392657D30B00DA9B6E /* Debug */,
				E8FD353A2657D30B00DA9B6E /* Release */,
			);
			defaultConfigurationIsVisible = 0;
			defaultConfigurationName = Release;
		};
/* End XCConfigurationList section */
	};
	rootObject = E8FD351C2657D30A00DA9B6E /* Project object */;
}
